
Microsoft Visual Studio Solution File, Format Version 12.00
# Visual Studio 2012
Project("{FAE04EC0-301F-11D3-BF4B-00C04F79EFBC}") = "KillVS", "KillVS\KillVS.csproj", "{529B774E-8E6F-4D07-BCA3-C44845177099}"
EndProject
Global
	GlobalSection(SolutionConfigurationPlatforms) = preSolution
		Debug|Any CPU = Debug|Any CPU
		Release|Any CPU = Release|Any CPU
	EndGlobalSection
	GlobalSection(ProjectConfigurationPlatforms) = postSolution
		{529B774E-8E6F-4D07-BCA3-C44845177099}.Debug|Any CPU.ActiveCfg = Debug|Any CPU
		{529B774E-8E6F-4D07-BCA3-C44845177099}.Debug|Any CPU.Build.0 = Debug|Any CPU
		{529B774E-8E6F-4D07-BCA3-C44845177099}.Release|Any CPU.ActiveCfg = Release|Any CPU
		{529B774E-8E6F-4D07-BCA3-C44845177099}.Release|Any CPU.Build.0 = Release|Any CPU
	EndGlobalSection
	GlobalSection(SolutionProperties) = preSolution
		HideSolutionNode = FALSE
	EndGlobalSection
EndGlobal
